
Microsoft Visual Studio Solution File, Format Version 12.00
# Visual Studio Version 17
VisualStudioVersion = 17.7.34003.232
MinimumVisualStudioVersion = 10.0.40219.1
Project("{9A19103F-16F7-4668-BE54-9A1E7A4F7556}") = "01_Processes", "01_Processes\01_Processes.csproj", "{5184ACD4-E3F9-4CBA-AE40-35C70F5758A3}"
EndProject
Project("{9A19103F-16F7-4668-BE54-9A1E7A4F7556}") = "02_Threds", "02_Threds\02_Threds.csproj", "{B910435F-1166-4D9C-AC98-D778506098CB}"
EndProject
Project("{9A19103F-16F7-4668-BE54-9A1E7A4F7556}") = "02.1_ThredsWpf", "02.1_ThredsWpf\02.1_ThredsWpf.csproj", "{3E9362AB-DC4C-4239-8525-83DA8BFFF498}"
EndProject
Project("{9A19103F-16F7-4668-BE54-9A1E7A4F7556}") = "03_ThreadPool", "03_ThreadPool\03_ThreadPool.csproj", "{93A4268F-F075-4209-A559-6CFEAEC21A84}"
EndProject
Project("{9A19103F-16F7-4668-BE54-9A1E7A4F7556}") = "03.1_SynchLock", "03.1_SynchLock\03.1_SynchLock.csproj", "{F84C0440-5E94-44F5-9BEE-21E7B8E87E7F}"
EndProject
Project("{9A19103F-16F7-4668-BE54-9A1E7A4F7556}") = "04.1_Semaphore", "04.1_Semaphore\04.1_Semaphore.csproj", "{269DCAAF-CD10-438A-8CB2-905321E78184}"
EndProject
Project("{9A19103F-16F7-4668-BE54-9A1E7A4F7556}") = "04.2_EventHandler", "04.2_EventHandler\04.2_EventHandler.csproj", "{2546FAE3-89B5-4A02-9566-20DF4A97F507}"
EndProject
Global
	GlobalSection(SolutionConfigurationPlatforms) = preSolution
		Debug|Any CPU = Debug|Any CPU
		Release|Any CPU = Release|Any CPU
	EndGlobalSection
	GlobalSection(ProjectConfigurationPlatforms) = postSolution
		{5184ACD4-E3F9-4CBA-AE40-35C70F5758A3}.Debug|Any CPU.ActiveCfg = Debug|Any CPU
		{5184ACD4-E3F9-4CBA-AE40-35C70F5758A3}.Debug|Any CPU.Build.0 = Debug|Any CPU
		{5184ACD4-E3F9-4CBA-AE40-35C70F5758A3}.Release|Any CPU.ActiveCfg = Release|Any CPU
		{5184ACD4-E3F9-4CBA-AE40-35C70F5758A3}.Release|Any CPU.Build.0 = Release|Any CPU
		{B910435F-1166-4D9C-AC98-D778506098CB}.Debug|Any CPU.ActiveCfg = Debug|Any CPU
		{B910435F-1166-4D9C-AC98-D778506098CB}.Debug|Any CPU.Build.0 = Debug|Any CPU
		{B910435F-1166-4D9C-AC98-D778506098CB}.Release|Any CPU.ActiveCfg = Release|Any CPU
		{B910435F-1166-4D9C-AC98-D778506098CB}.Release|Any CPU.Build.0 = Release|Any CPU
		{3E9362AB-DC4C-4239-8525-83DA8BFFF498}.Debug|Any CPU.ActiveCfg = Debug|Any CPU
		{3E9362AB-DC4C-4239-8525-83DA8BFFF498}.Debug|Any CPU.Build.0 = Debug|Any CPU
		{3E9362AB-DC4C-4239-8525-83DA8BFFF498}.Release|Any CPU.ActiveCfg = Release|Any CPU
		{3E9362AB-DC4C-4239-8525-83DA8BFFF498}.Release|Any CPU.Build.0 = Release|Any CPU
		{93A4268F-F075-4209-A559-6CFEAEC21A84}.Debug|Any CPU.ActiveCfg = Debug|Any CPU
		{93A4268F-F075-4209-A559-6CFEAEC21A84}.Debug|Any CPU.Build.0 = Debug|Any CPU
		{93A4268F-F075-4209-A559-6CFEAEC21A84}.Release|Any CPU.ActiveCfg = Release|Any CPU
		{93A4268F-F075-4209-A559-6CFEAEC21A84}.Release|Any CPU.Build.0 = Release|Any CPU
		{F84C0440-5E94-44F5-9BEE-21E7B8E87E7F}.Debug|Any CPU.ActiveCfg = Debug|Any CPU
		{F84C0440-5E94-44F5-9BEE-21E7B8E87E7F}.Debug|Any CPU.Build.0 = Debug|Any CPU
		{F84C0440-5E94-44F5-9BEE-21E7B8E87E7F}.Release|Any CPU.ActiveCfg = Release|Any CPU
		{F84C0440-5E94-44F5-9BEE-21E7B8E87E7F}.Release|Any CPU.Build.0 = Release|Any CPU
		{269DCAAF-CD10-438A-8CB2-905321E78184}.Debug|Any CPU.ActiveCfg = Debug|Any CPU
		{269DCAAF-CD10-438A-8CB2-905321E78184}.Debug|Any CPU.Build.0 = Debug|Any CPU
		{269DCAAF-CD10-438A-8CB2-905321E78184}.Release|Any CPU.ActiveCfg = Release|Any CPU
		{269DCAAF-CD10-438A-8CB2-905321E78184}.Release|Any CPU.Build.0 = Release|Any CPU
		{2546FAE3-89B5-4A02-9566-20DF4A97F507}.Debug|Any CPU.ActiveCfg = Debug|Any CPU
		{2546FAE3-89B5-4A02-9566-20DF4A97F507}.Debug|Any CPU.Build.0 = Debug|Any CPU
		{2546FAE3-89B5-4A02-9566-20DF4A97F507}.Release|Any CPU.ActiveCfg = Release|Any CPU
		{2546FAE3-89B5-4A02-9566-20DF4A97F507}.Release|Any CPU.Build.0 = Release|Any CPU
	EndGlobalSection
	GlobalSection(SolutionProperties) = preSolution
		HideSolutionNode = FALSE
	EndGlobalSection
	GlobalSection(ExtensibilityGlobals) = postSolution
		SolutionGuid = {CEFB9A6D-A3F3-405D-96E5-3D167A49880E}
	EndGlobalSection
EndGlobal
